
Microsoft Visual Studio Solution File, Format Version 12.00
# Visual Studio Version 17
VisualStudioVersion = 17.4.33103.184
MinimumVisualStudioVersion = 10.0.40219.1
Project("{FAE04EC0-301F-11D3-BF4B-00C04F79EFBC}") = "ModemChorus", "ModemChorus.csproj", "{D166756D-0D4E-496C-A881-2BB857BBB574}"
EndProject
Global
	GlobalSection(SolutionConfigurationPlatforms) = preSolution
		Debug|Any CPU = Debug|Any CPU
		Release|Any CPU = Release|Any CPU
	EndGlobalSection
	GlobalSection(ProjectConfigurationPlatforms) = postSolution
		{D166756D-0D4E-496C-A881-2BB857BBB574}.Debug|Any CPU.ActiveCfg = Debug|Any CPU
		{D166756D-0D4E-496C-A881-2BB857BBB574}.Debug|Any CPU.Build.0 = Debug|Any CPU
		{D166756D-0D4E-496C-A881-2BB857BBB574}.Release|Any CPU.ActiveCfg = Release|Any CPU
		{D166756D-0D4E-496C-A881-2BB857BBB574}.Release|Any CPU.Build.0 = Release|Any CPU
	EndGlobalSection
	GlobalSection(SolutionProperties) = preSolution
		HideSolutionNode = FALSE
	EndGlobalSection
	GlobalSection(ExtensibilityGlobals) = postSolution
		SolutionGuid = {68AF2EB5-09D3-421A-9467-2F15D01C57E5}
	EndGlobalSection
EndGlobal
